
Microsoft Visual Studio Solution File, Format Version 12.00
# Visual Studio 14
VisualStudioVersion = 14.0.25420.1
MinimumVisualStudioVersion = 10.0.40219.1
Project("{FAE04EC0-301F-11D3-BF4B-00C04F79EFBC}") = "AlgorithmsConsole", "AlgorithmsConsole\AlgorithmsConsole.csproj", "{7E900FFE-2DFB-4B69-B364-7D8F96B1826B}"
EndProject
Project("{FAE04EC0-301F-11D3-BF4B-00C04F79EFBC}") = "DataStructures", "DataStructures\DataStructures.csproj", "{203B72DA-7862-4573-AF79-1A79326A280A}"
EndProject
Project("{FAE04EC0-301F-11D3-BF4B-00C04F79EFBC}") = "AlgorithmsTest", "AlgorithmsTest\AlgorithmsTest.csproj", "{6C095E4D-5910-4FF4-86DF-4033FF4F4AD4}"
EndProject
Global
	GlobalSection(SolutionConfigurationPlatforms) = preSolution
		Debug|Any CPU = Debug|Any CPU
		Release|Any CPU = Release|Any CPU
	EndGlobalSection
	GlobalSection(ProjectConfigurationPlatforms) = postSolution
		{7E900FFE-2DFB-4B69-B364-7D8F96B1826B}.Debug|Any CPU.ActiveCfg = Debug|Any CPU
		{7E900FFE-2DFB-4B69-B364-7D8F96B1826B}.Debug|Any CPU.Build.0 = Debug|Any CPU
		{7E900FFE-2DFB-4B69-B364-7D8F96B1826B}.Release|Any CPU.ActiveCfg = Release|Any CPU
		{7E900FFE-2DFB-4B69-B364-7D8F96B1826B}.Release|Any CPU.Build.0 = Release|Any CPU
		{203B72DA-7862-4573-AF79-1A79326A280A}.Debug|Any CPU.ActiveCfg = Debug|Any CPU
		{203B72DA-7862-4573-AF79-1A79326A280A}.Debug|Any CPU.Build.0 = Debug|Any CPU
		{203B72DA-7862-4573-AF79-1A79326A280A}.Release|Any CPU.ActiveCfg = Release|Any CPU
		{203B72DA-7862-4573-AF79-1A79326A280A}.Release|Any CPU.Build.0 = Release|Any CPU
		{6C095E4D-5910-4FF4-86DF-4033FF4F4AD4}.Debug|Any CPU.ActiveCfg = Debug|Any CPU
		{6C095E4D-5910-4FF4-86DF-4033FF4F4AD4}.Debug|Any CPU.Build.0 = Debug|Any CPU
		{6C095E4D-5910-4FF4-86DF-4033FF4F4AD4}.Release|Any CPU.ActiveCfg = Release|Any CPU
		{6C095E4D-5910-4FF4-86DF-4033FF4F4AD4}.Release|Any CPU.Build.0 = Release|Any CPU
	EndGlobalSection
	GlobalSection(SolutionProperties) = preSolution
		HideSolutionNode = FALSE
	EndGlobalSection
EndGlobal
